
Microsoft Visual Studio Solution File, Format Version 12.00
# Visual Studio 15
VisualStudioVersion = 15.0.27130.2026
MinimumVisualStudioVersion = 10.0.40219.1
Project("{8BC9CEB8-8B4A-11D0-8D11-00A0C91BC942}") = "Ide", "Ide.vcxproj", "{EE526310-D869-4806-A9E8-D8248A30729F}"
	ProjectSection(ProjectDependencies) = postProject
		{580D7125-B4B6-4D70-A36F-B0A40EE06F65} = {580D7125-B4B6-4D70-A36F-B0A40EE06F65}
	EndProjectSection
EndProject
Project("{2150E333-8FDC-42A3-9474-1A3956D46DE8}") = "Utils", "Utils", "{52D301D5-426D-4046-9DEF-4B4E3B570956}"
EndProject
Project("{8BC9CEB8-8B4A-11D0-8D11-00A0C91BC942}") = "CommonX", "..\Source\Utils\CommonX\CommonX.vcxproj", "{593423EE-D006-43DD-B839-5E3058C97EC0}"
EndProject
Project("{8BC9CEB8-8B4A-11D0-8D11-00A0C91BC942}") = "ExceptionX", "..\Source\Utils\ExceptionX\ExceptionX.vcxproj", "{58F5E5D6-9705-4B32-9A9E-636B112783F4}"
	ProjectSection(ProjectDependencies) = postProject
		{593423EE-D006-43DD-B839-5E3058C97EC0} = {593423EE-D006-43DD-B839-5E3058C97EC0}
	EndProjectSection
EndProject
Project("{8BC9CEB8-8B4A-11D0-8D11-00A0C91BC942}") = "Includes", "..\Source\Utils\Includes\Includes.vcxitems", "{0F758A57-6793-44E7-90A4-1A6B208599A6}"
EndProject
Project("{8BC9CEB8-8B4A-11D0-8D11-00A0C91BC942}") = "PropsX", "..\Source\Utils\PropsX\PropsX.vcxproj", "{9B250E0A-9FA3-48A9-8B8D-EA600FDBFED6}"
	ProjectSection(ProjectDependencies) = postProject
		{593423EE-D006-43DD-B839-5E3058C97EC0} = {593423EE-D006-43DD-B839-5E3058C97EC0}
	EndProjectSection
EndProject
Project("{8BC9CEB8-8B4A-11D0-8D11-00A0C91BC942}") = "ParseArgsX", "..\Source\Utils\ParseArgsX\ParseArgsX.vcxproj", "{B5E84E46-AA0D-4F8A-9688-3AAFAE1CF3EA}"
	ProjectSection(ProjectDependencies) = postProject
		{9B250E0A-9FA3-48A9-8B8D-EA600FDBFED6} = {9B250E0A-9FA3-48A9-8B8D-EA600FDBFED6}
		{593423EE-D006-43DD-B839-5E3058C97EC0} = {593423EE-D006-43DD-B839-5E3058C97EC0}
	EndProjectSection
EndProject
Project("{8BC9CEB8-8B4A-11D0-8D11-00A0C91BC942}") = "SafeSyncX", "..\Source\Utils\SafeSyncX\SafeSyncX.vcxproj", "{89F4827A-FD5A-43FA-A253-9871344792B8}"
	ProjectSection(ProjectDependencies) = postProject
		{9B250E0A-9FA3-48A9-8B8D-EA600FDBFED6} = {9B250E0A-9FA3-48A9-8B8D-EA600FDBFED6}
		{593423EE-D006-43DD-B839-5E3058C97EC0} = {593423EE-D006-43DD-B839-5E3058C97EC0}
	EndProjectSection
EndProject
Project("{8BC9CEB8-8B4A-11D0-8D11-00A0C91BC942}") = "StringX", "..\Source\Utils\StringX\StringX.vcxproj", "{111C159B-E4EF-46A9-8D1B-D0F48EC4F3D5}"
	ProjectSection(ProjectDependencies) = postProject
		{9B250E0A-9FA3-48A9-8B8D-EA600FDBFED6} = {9B250E0A-9FA3-48A9-8B8D-EA600FDBFED6}
		{593423EE-D006-43DD-B839-5E3058C97EC0} = {593423EE-D006-43DD-B839-5E3058C97EC0}
	EndProjectSection
EndProject
Project("{8BC9CEB8-8B4A-11D0-8D11-00A0C91BC942}") = "QueueMgrX", "..\Source\Utils\QueueMgrX\QueueMgrX.vcxproj", "{E967BFF1-2C08-460C-A7DF-F03557C05816}"
	ProjectSection(ProjectDependencies) = postProject
		{9B250E0A-9FA3-48A9-8B8D-EA600FDBFED6} = {9B250E0A-9FA3-48A9-8B8D-EA600FDBFED6}
		{593423EE-D006-43DD-B839-5E3058C97EC0} = {593423EE-D006-43DD-B839-5E3058C97EC0}
	EndProjectSection
EndProject
Project("{8BC9CEB8-8B4A-11D0-8D11-00A0C91BC942}") = "LoggerX", "..\Source\Utils\LoggerX\LoggerX.vcxproj", "{8598ADCB-91EA-411F-B490-1EF53D754F10}"
	ProjectSection(ProjectDependencies) = postProject
		{89F4827A-FD5A-43FA-A253-9871344792B8} = {89F4827A-FD5A-43FA-A253-9871344792B8}
		{111C159B-E4EF-46A9-8D1B-D0F48EC4F3D5} = {111C159B-E4EF-46A9-8D1B-D0F48EC4F3D5}
		{593423EE-D006-43DD-B839-5E3058C97EC0} = {593423EE-D006-43DD-B839-5E3058C97EC0}
	EndProjectSection
EndProject
Project("{8BC9CEB8-8B4A-11D0-8D11-00A0C91BC942}") = "NumnericX", "..\Source\Utils\NumnericX\NumnericX.vcxproj", "{6ABF22D7-F804-44CA-8314-91DF4D1EB30F}"
	ProjectSection(ProjectDependencies) = postProject
		{9B250E0A-9FA3-48A9-8B8D-EA600FDBFED6} = {9B250E0A-9FA3-48A9-8B8D-EA600FDBFED6}
		{111C159B-E4EF-46A9-8D1B-D0F48EC4F3D5} = {111C159B-E4EF-46A9-8D1B-D0F48EC4F3D5}
		{593423EE-D006-43DD-B839-5E3058C97EC0} = {593423EE-D006-43DD-B839-5E3058C97EC0}
	EndProjectSection
EndProject
Project("{8BC9CEB8-8B4A-11D0-8D11-00A0C91BC942}") = "RdbX", "..\Source\Utils\RdbX\RdbX.vcxproj", "{0B1B78D1-47D3-4A9F-8D02-D112A7BBC5B0}"
	ProjectSection(ProjectDependencies) = postProject
		{9B250E0A-9FA3-48A9-8B8D-EA600FDBFED6} = {9B250E0A-9FA3-48A9-8B8D-EA600FDBFED6}
		{89F4827A-FD5A-43FA-A253-9871344792B8} = {89F4827A-FD5A-43FA-A253-9871344792B8}
		{111C159B-E4EF-46A9-8D1B-D0F48EC4F3D5} = {111C159B-E4EF-46A9-8D1B-D0F48EC4F3D5}
		{593423EE-D006-43DD-B839-5E3058C97EC0} = {593423EE-D006-43DD-B839-5E3058C97EC0}
	EndProjectSection
EndProject
Project("{8BC9CEB8-8B4A-11D0-8D11-00A0C91BC942}") = "ThreadMgrX", "..\Source\Utils\ThreadMgrX\ThreadMgrX.vcxproj", "{BF7566E3-D6B2-415E-B3CE-6844CA5E1B5E}"
	ProjectSection(ProjectDependencies) = postProject
		{9B250E0A-9FA3-48A9-8B8D-EA600FDBFED6} = {9B250E0A-9FA3-48A9-8B8D-EA600FDBFED6}
		{89F4827A-FD5A-43FA-A253-9871344792B8} = {89F4827A-FD5A-43FA-A253-9871344792B8}
		{111C159B-E4EF-46A9-8D1B-D0F48EC4F3D5} = {111C159B-E4EF-46A9-8D1B-D0F48EC4F3D5}
		{593423EE-D006-43DD-B839-5E3058C97EC0} = {593423EE-D006-43DD-B839-5E3058C97EC0}
	EndProjectSection
EndProject
Project("{2150E333-8FDC-42A3-9474-1A3956D46DE8}") = "AT", "AT", "{9F03B49F-3A4F-43C9-886E-503342D91B6B}"
EndProject
Project("{8BC9CEB8-8B4A-11D0-8D11-00A0C91BC942}") = "Lib", "..\Lib\AT\Lib\Lib.vcxitems", "{DED601CA-7AD1-49C9-8508-951C24DE2C0C}"
EndProject
Project("{8BC9CEB8-8B4A-11D0-8D11-00A0C91BC942}") = "DataService", "..\Source\DataService\DataService.vcxproj", "{580D7125-B4B6-4D70-A36F-B0A40EE06F65}"
	ProjectSection(ProjectDependencies) = postProject
		{9B250E0A-9FA3-48A9-8B8D-EA600FDBFED6} = {9B250E0A-9FA3-48A9-8B8D-EA600FDBFED6}
		{D0AE7121-8479-47FE-B462-766599159253} = {D0AE7121-8479-47FE-B462-766599159253}
		{B5E84E46-AA0D-4F8A-9688-3AAFAE1CF3EA} = {B5E84E46-AA0D-4F8A-9688-3AAFAE1CF3EA}
		{83D7C457-2EFB-4CC2-9760-0D28446EF7FE} = {83D7C457-2EFB-4CC2-9760-0D28446EF7FE}
		{89F4827A-FD5A-43FA-A253-9871344792B8} = {89F4827A-FD5A-43FA-A253-9871344792B8}
		{111C159B-E4EF-46A9-8D1B-D0F48EC4F3D5} = {111C159B-E4EF-46A9-8D1B-D0F48EC4F3D5}
		{8598ADCB-91EA-411F-B490-1EF53D754F10} = {8598ADCB-91EA-411F-B490-1EF53D754F10}
		{0B1B78D1-47D3-4A9F-8D02-D112A7BBC5B0} = {0B1B78D1-47D3-4A9F-8D02-D112A7BBC5B0}
		{58F5E5D6-9705-4B32-9A9E-636B112783F4} = {58F5E5D6-9705-4B32-9A9E-636B112783F4}
		{6ABF22D7-F804-44CA-8314-91DF4D1EB30F} = {6ABF22D7-F804-44CA-8314-91DF4D1EB30F}
		{BF7566E3-D6B2-415E-B3CE-6844CA5E1B5E} = {BF7566E3-D6B2-415E-B3CE-6844CA5E1B5E}
		{593423EE-D006-43DD-B839-5E3058C97EC0} = {593423EE-D006-43DD-B839-5E3058C97EC0}
		{E967BFF1-2C08-460C-A7DF-F03557C05816} = {E967BFF1-2C08-460C-A7DF-F03557C05816}
	EndProjectSection
EndProject
Project("{8BC9CEB8-8B4A-11D0-8D11-00A0C91BC942}") = "Lib", "..\Source\Utils\Lib\Lib.vcxitems", "{6E5C8818-289E-4BE5-A5E1-6BF0ABAD8B92}"
EndProject
Project("{8BC9CEB8-8B4A-11D0-8D11-00A0C91BC942}") = "SQL", "..\Source\SQL\SQL.vcxitems", "{259B50D1-F760-4B91-9ACD-AF5C782D5C8E}"
EndProject
Project("{8BC9CEB8-8B4A-11D0-8D11-00A0C91BC942}") = "BlotterService", "..\Source\BlotterService\BlotterService.vcxproj", "{95269A6F-6396-4270-9086-45209911DF79}"
EndProject
Project("{FAE04EC0-301F-11D3-BF4B-00C04F79EFBC}") = "TradeStation", "..\Source\TradeStation\TradeStation.csproj", "{B90A39B9-9F6C-4F16-BC9D-738914BF7D05}"
EndProject
Project("{8BC9CEB8-8B4A-11D0-8D11-00A0C91BC942}") = "TradeSimulationService", "..\Source\TradeSimulationService\TradeSimulationService.vcxproj", "{7A742F5F-638B-4D21-8C9C-4700C31F2DD0}"
EndProject
Project("{8BC9CEB8-8B4A-11D0-8D11-00A0C91BC942}") = "StructX", "..\Source\Utils\StructX\StructX.vcxproj", "{D0AE7121-8479-47FE-B462-766599159253}"
	ProjectSection(ProjectDependencies) = postProject
		{9B250E0A-9FA3-48A9-8B8D-EA600FDBFED6} = {9B250E0A-9FA3-48A9-8B8D-EA600FDBFED6}
		{111C159B-E4EF-46A9-8D1B-D0F48EC4F3D5} = {111C159B-E4EF-46A9-8D1B-D0F48EC4F3D5}
		{6ABF22D7-F804-44CA-8314-91DF4D1EB30F} = {6ABF22D7-F804-44CA-8314-91DF4D1EB30F}
		{0430FEE8-EEA0-447B-8788-AED57364BC89} = {0430FEE8-EEA0-447B-8788-AED57364BC89}
		{593423EE-D006-43DD-B839-5E3058C97EC0} = {593423EE-D006-43DD-B839-5E3058C97EC0}
	EndProjectSection
EndProject
Project("{2150E333-8FDC-42A3-9474-1A3956D46DE8}") = "ActiveTickServerAPI", "ActiveTickServerAPI", "{E02C470F-8C99-4CB6-A3C9-5CE78B17FF4B}"
	ProjectSection(SolutionItems) = preProject
		..\Source\AT\ActiveTickServerAPI\ActiveTickServerAPI.h = ..\Source\AT\ActiveTickServerAPI\ActiveTickServerAPI.h
		..\Source\AT\ActiveTickServerAPI\ActiveTickServerRequestor.h = ..\Source\AT\ActiveTickServerAPI\ActiveTickServerRequestor.h
		..\Source\AT\ActiveTickServerAPI\ActiveTickStreamListener.h = ..\Source\AT\ActiveTickServerAPI\ActiveTickStreamListener.h
		..\Source\AT\ActiveTickServerAPI\ATBarHistoryDbResponseParser.h = ..\Source\AT\ActiveTickServerAPI\ATBarHistoryDbResponseParser.h
		..\Source\AT\ActiveTickServerAPI\ATMarketMoversDbResponseParser.h = ..\Source\AT\ActiveTickServerAPI\ATMarketMoversDbResponseParser.h
		..\Source\AT\ActiveTickServerAPI\ATQuoteDbResponseParser.h = ..\Source\AT\ActiveTickServerAPI\ATQuoteDbResponseParser.h
		..\Source\AT\ActiveTickServerAPI\ATQuoteStreamResponseParser.h = ..\Source\AT\ActiveTickServerAPI\ATQuoteStreamResponseParser.h
		..\Source\AT\ActiveTickServerAPI\ATTickHistoryDBResponseParser.h = ..\Source\AT\ActiveTickServerAPI\ATTickHistoryDBResponseParser.h
		..\Source\AT\ActiveTickServerAPI\ReadMe.txt = ..\Source\AT\ActiveTickServerAPI\ReadMe.txt
	EndProjectSection
EndProject
Project("{2150E333-8FDC-42A3-9474-1A3956D46DE8}") = "Shared", "Shared", "{3C1BE444-2C18-4D1E-8A8A-D63B14AF1396}"
	ProjectSection(SolutionItems) = preProject
		..\Source\AT\Shared\ATServerAPIDefines.h = ..\Source\AT\Shared\ATServerAPIDefines.h
	EndProjectSection
EndProject
Project("{8BC9CEB8-8B4A-11D0-8D11-00A0C91BC942}") = "DataLoggerX", "..\Source\Utils\DataLoggerX\DataLoggerX.vcxproj", "{83D7C457-2EFB-4CC2-9760-0D28446EF7FE}"
	ProjectSection(ProjectDependencies) = postProject
		{89F4827A-FD5A-43FA-A253-9871344792B8} = {89F4827A-FD5A-43FA-A253-9871344792B8}
		{111C159B-E4EF-46A9-8D1B-D0F48EC4F3D5} = {111C159B-E4EF-46A9-8D1B-D0F48EC4F3D5}
		{593423EE-D006-43DD-B839-5E3058C97EC0} = {593423EE-D006-43DD-B839-5E3058C97EC0}
	EndProjectSection
EndProject
Project("{8BC9CEB8-8B4A-11D0-8D11-00A0C91BC942}") = "AnalyticX", "..\Source\Utils\AnalyticX\AnalyticX.vcxproj", "{0430FEE8-EEA0-447B-8788-AED57364BC89}"
	ProjectSection(ProjectDependencies) = postProject
		{9B250E0A-9FA3-48A9-8B8D-EA600FDBFED6} = {9B250E0A-9FA3-48A9-8B8D-EA600FDBFED6}
		{111C159B-E4EF-46A9-8D1B-D0F48EC4F3D5} = {111C159B-E4EF-46A9-8D1B-D0F48EC4F3D5}
		{6ABF22D7-F804-44CA-8314-91DF4D1EB30F} = {6ABF22D7-F804-44CA-8314-91DF4D1EB30F}
		{593423EE-D006-43DD-B839-5E3058C97EC0} = {593423EE-D006-43DD-B839-5E3058C97EC0}
	EndProjectSection
EndProject
Global
	GlobalSection(SharedMSBuildProjectFiles) = preSolution
		..\Source\Utils\Includes\Includes.vcxitems*{0f758a57-6793-44e7-90a4-1a6b208599a6}*SharedItemsImports = 9
		..\Source\SQL\SQL.vcxitems*{259b50d1-f760-4b91-9acd-af5c782d5c8e}*SharedItemsImports = 9
		..\Lib\AT\Lib\Lib.vcxitems*{580d7125-b4b6-4d70-a36f-b0a40ee06f65}*SharedItemsImports = 4
		..\Source\Utils\Includes\Includes.vcxitems*{580d7125-b4b6-4d70-a36f-b0a40ee06f65}*SharedItemsImports = 4
		..\Source\Utils\Lib\Lib.vcxitems*{580d7125-b4b6-4d70-a36f-b0a40ee06f65}*SharedItemsImports = 4
		..\Source\Utils\Lib\Lib.vcxitems*{6e5c8818-289e-4be5-a5e1-6bf0abad8b92}*SharedItemsImports = 9
		..\Lib\AT\Lib\Lib.vcxitems*{ded601ca-7ad1-49c9-8508-951c24de2c0c}*SharedItemsImports = 9
	EndGlobalSection
	GlobalSection(SolutionConfigurationPlatforms) = preSolution
		Debug|Any CPU = Debug|Any CPU
		Debug|x64 = Debug|x64
		Debug|x86 = Debug|x86
		Release|Any CPU = Release|Any CPU
		Release|x64 = Release|x64
		Release|x86 = Release|x86
	EndGlobalSection
	GlobalSection(ProjectConfigurationPlatforms) = postSolution
		{EE526310-D869-4806-A9E8-D8248A30729F}.Debug|Any CPU.ActiveCfg = Debug|Win32
		{EE526310-D869-4806-A9E8-D8248A30729F}.Debug|x64.ActiveCfg = Debug|x64
		{EE526310-D869-4806-A9E8-D8248A30729F}.Debug|x64.Build.0 = Debug|x64
		{EE526310-D869-4806-A9E8-D8248A30729F}.Debug|x86.ActiveCfg = Debug|Win32
		{EE526310-D869-4806-A9E8-D8248A30729F}.Debug|x86.Build.0 = Debug|Win32
		{EE526310-D869-4806-A9E8-D8248A30729F}.Release|Any CPU.ActiveCfg = Release|Win32
		{EE526310-D869-4806-A9E8-D8248A30729F}.Release|x64.ActiveCfg = Release|x64
		{EE526310-D869-4806-A9E8-D8248A30729F}.Release|x64.Build.0 = Release|x64
		{EE526310-D869-4806-A9E8-D8248A30729F}.Release|x86.ActiveCfg = Release|Win32
		{EE526310-D869-4806-A9E8-D8248A30729F}.Release|x86.Build.0 = Release|Win32
		{593423EE-D006-43DD-B839-5E3058C97EC0}.Debug|Any CPU.ActiveCfg = Debug|Win32
		{593423EE-D006-43DD-B839-5E3058C97EC0}.Debug|x64.ActiveCfg = Debug|x64
		{593423EE-D006-43DD-B839-5E3058C97EC0}.Debug|x64.Build.0 = Debug|x64
		{593423EE-D006-43DD-B839-5E3058C97EC0}.Debug|x86.ActiveCfg = Debug|Win32
		{593423EE-D006-43DD-B839-5E3058C97EC0}.Debug|x86.Build.0 = Debug|Win32
		{593423EE-D006-43DD-B839-5E3058C97EC0}.Release|Any CPU.ActiveCfg = Release|Win32
		{593423EE-D006-43DD-B839-5E3058C97EC0}.Release|x64.ActiveCfg = Release|x64
		{593423EE-D006-43DD-B839-5E3058C97EC0}.Release|x64.Build.0 = Release|x64
		{593423EE-D006-43DD-B839-5E3058C97EC0}.Release|x86.ActiveCfg = Release|Win32
		{593423EE-D006-43DD-B839-5E3058C97EC0}.Release|x86.Build.0 = Release|Win32
		{58F5E5D6-9705-4B32-9A9E-636B112783F4}.Debug|Any CPU.ActiveCfg = Debug|Win32
		{58F5E5D6-9705-4B32-9A9E-636B112783F4}.Debug|x64.ActiveCfg = Debug|x64
		{58F5E5D6-9705-4B32-9A9E-636B112783F4}.Debug|x64.Build.0 = Debug|x64
		{58F5E5D6-9705-4B32-9A9E-636B112783F4}.Debug|x86.ActiveCfg = Debug|Win32
		{58F5E5D6-9705-4B32-9A9E-636B112783F4}.Debug|x86.Build.0 = Debug|Win32
		{58F5E5D6-9705-4B32-9A9E-636B112783F4}.Release|Any CPU.ActiveCfg = Release|Win32
		{58F5E5D6-9705-4B32-9A9E-636B112783F4}.Release|x64.ActiveCfg = Release|x64
		{58F5E5D6-9705-4B32-9A9E-636B112783F4}.Release|x64.Build.0 = Release|x64
		{58F5E5D6-9705-4B32-9A9E-636B112783F4}.Release|x86.ActiveCfg = Release|Win32
		{58F5E5D6-9705-4B32-9A9E-636B112783F4}.Release|x86.Build.0 = Release|Win32
		{9B250E0A-9FA3-48A9-8B8D-EA600FDBFED6}.Debug|Any CPU.ActiveCfg = Debug|Win32
		{9B250E0A-9FA3-48A9-8B8D-EA600FDBFED6}.Debug|x64.ActiveCfg = Debug|x64
		{9B250E0A-9FA3-48A9-8B8D-EA600FDBFED6}.Debug|x64.Build.0 = Debug|x64
		{9B250E0A-9FA3-48A9-8B8D-EA600FDBFED6}.Debug|x86.ActiveCfg = Debug|Win32
		{9B250E0A-9FA3-48A9-8B8D-EA600FDBFED6}.Debug|x86.Build.0 = Debug|Win32
		{9B250E0A-9FA3-48A9-8B8D-EA600FDBFED6}.Release|Any CPU.ActiveCfg = Release|Win32
		{9B250E0A-9FA3-48A9-8B8D-EA600FDBFED6}.Release|x64.ActiveCfg = Release|x64
		{9B250E0A-9FA3-48A9-8B8D-EA600FDBFED6}.Release|x64.Build.0 = Release|x64
		{9B250E0A-9FA3-48A9-8B8D-EA600FDBFED6}.Release|x86.ActiveCfg = Release|Win32
		{9B250E0A-9FA3-48A9-8B8D-EA600FDBFED6}.Release|x86.Build.0 = Release|Win32
		{B5E84E46-AA0D-4F8A-9688-3AAFAE1CF3EA}.Debug|Any CPU.ActiveCfg = Debug|Win32
		{B5E84E46-AA0D-4F8A-9688-3AAFAE1CF3EA}.Debug|x64.ActiveCfg = Debug|x64
		{B5E84E46-AA0D-4F8A-9688-3AAFAE1CF3EA}.Debug|x64.Build.0 = Debug|x64
		{B5E84E46-AA0D-4F8A-9688-3AAFAE1CF3EA}.Debug|x86.ActiveCfg = Debug|Win32
		{B5E84E46-AA0D-4F8A-9688-3AAFAE1CF3EA}.Debug|x86.Build.0 = Debug|Win32
		{B5E84E46-AA0D-4F8A-9688-3AAFAE1CF3EA}.Release|Any CPU.ActiveCfg = Release|Win32
		{B5E84E46-AA0D-4F8A-9688-3AAFAE1CF3EA}.Release|x64.ActiveCfg = Release|x64
		{B5E84E46-AA0D-4F8A-9688-3AAFAE1CF3EA}.Release|x64.Build.0 = Release|x64
		{B5E84E46-AA0D-4F8A-9688-3AAFAE1CF3EA}.Release|x86.ActiveCfg = Release|Win32
		{B5E84E46-AA0D-4F8A-9688-3AAFAE1CF3EA}.Release|x86.Build.0 = Release|Win32
		{89F4827A-FD5A-43FA-A253-9871344792B8}.Debug|Any CPU.ActiveCfg = Debug|Win32
		{89F4827A-FD5A-43FA-A253-9871344792B8}.Debug|x64.ActiveCfg = Debug|x64
		{89F4827A-FD5A-43FA-A253-9871344792B8}.Debug|x64.Build.0 = Debug|x64
		{89F4827A-FD5A-43FA-A253-9871344792B8}.Debug|x86.ActiveCfg = Debug|Win32
		{89F4827A-FD5A-43FA-A253-9871344792B8}.Debug|x86.Build.0 = Debug|Win32
		{89F4827A-FD5A-43FA-A253-9871344792B8}.Release|Any CPU.ActiveCfg = Release|Win32
		{89F4827A-FD5A-43FA-A253-9871344792B8}.Release|x64.ActiveCfg = Release|x64
		{89F4827A-FD5A-43FA-A253-9871344792B8}.Release|x64.Build.0 = Release|x64
		{89F4827A-FD5A-43FA-A253-9871344792B8}.Release|x86.ActiveCfg = Release|Win32
		{89F4827A-FD5A-43FA-A253-9871344792B8}.Release|x86.Build.0 = Release|Win32
		{111C159B-E4EF-46A9-8D1B-D0F48EC4F3D5}.Debug|Any CPU.ActiveCfg = Debug|Win32
		{111C159B-E4EF-46A9-8D1B-D0F48EC4F3D5}.Debug|x64.ActiveCfg = Debug|x64
		{111C159B-E4EF-46A9-8D1B-D0F48EC4F3D5}.Debug|x64.Build.0 = Debug|x64
		{111C159B-E4EF-46A9-8D1B-D0F48EC4F3D5}.Debug|x86.ActiveCfg = Debug|Win32
		{111C159B-E4EF-46A9-8D1B-D0F48EC4F3D5}.Debug|x86.Build.0 = Debug|Win32
		{111C159B-E4EF-46A9-8D1B-D0F48EC4F3D5}.Release|Any CPU.ActiveCfg = Release|Win32
		{111C159B-E4EF-46A9-8D1B-D0F48EC4F3D5}.Release|x64.ActiveCfg = Release|x64
		{111C159B-E4EF-46A9-8D1B-D0F48EC4F3D5}.Release|x64.Build.0 = Release|x64
		{111C159B-E4EF-46A9-8D1B-D0F48EC4F3D5}.Release|x86.ActiveCfg = Release|Win32
		{111C159B-E4EF-46A9-8D1B-D0F48EC4F3D5}.Release|x86.Build.0 = Release|Win32
		{E967BFF1-2C08-460C-A7DF-F03557C05816}.Debug|Any CPU.ActiveCfg = Debug|Win32
		{E967BFF1-2C08-460C-A7DF-F03557C05816}.Debug|x64.ActiveCfg = Debug|x64
		{E967BFF1-2C08-460C-A7DF-F03557C05816}.Debug|x64.Build.0 = Debug|x64
		{E967BFF1-2C08-460C-A7DF-F03557C05816}.Debug|x86.ActiveCfg = Debug|Win32
		{E967BFF1-2C08-460C-A7DF-F03557C05816}.Debug|x86.Build.0 = Debug|Win32
		{E967BFF1-2C08-460C-A7DF-F03557C05816}.Release|Any CPU.ActiveCfg = Release|Win32
		{E967BFF1-2C08-460C-A7DF-F03557C05816}.Release|x64.ActiveCfg = Release|x64
		{E967BFF1-2C08-460C-A7DF-F03557C05816}.Release|x64.Build.0 = Release|x64
		{E967BFF1-2C08-460C-A7DF-F03557C05816}.Release|x86.ActiveCfg = Release|Win32
		{E967BFF1-2C08-460C-A7DF-F03557C05816}.Release|x86.Build.0 = Release|Win32
		{8598ADCB-91EA-411F-B490-1EF53D754F10}.Debug|Any CPU.ActiveCfg = Debug|Win32
		{8598ADCB-91EA-411F-B490-1EF53D754F10}.Debug|x64.ActiveCfg = Debug|x64
		{8598ADCB-91EA-411F-B490-1EF53D754F10}.Debug|x64.Build.0 = Debug|x64
		{8598ADCB-91EA-411F-B490-1EF53D754F10}.Debug|x86.ActiveCfg = Debug|Win32
		{8598ADCB-91EA-411F-B490-1EF53D754F10}.Debug|x86.Build.0 = Debug|Win32
		{8598ADCB-91EA-411F-B490-1EF53D754F10}.Release|Any CPU.ActiveCfg = Release|Win32
		{8598ADCB-91EA-411F-B490-1EF53D754F10}.Release|x64.ActiveCfg = Release|x64
		{8598ADCB-91EA-411F-B490-1EF53D754F10}.Release|x64.Build.0 = Release|x64
		{8598ADCB-91EA-411F-B490-1EF53D754F10}.Release|x86.ActiveCfg = Release|Win32
		{8598ADCB-91EA-411F-B490-1EF53D754F10}.Release|x86.Build.0 = Release|Win32
		{6ABF22D7-F804-44CA-8314-91DF4D1EB30F}.Debug|Any CPU.ActiveCfg = Debug|Win32
		{6ABF22D7-F804-44CA-8314-91DF4D1EB30F}.Debug|x64.ActiveCfg = Debug|x64
		{6ABF22D7-F804-44CA-8314-91DF4D1EB30F}.Debug|x64.Build.0 = Debug|x64
		{6ABF22D7-F804-44CA-8314-91DF4D1EB30F}.Debug|x86.ActiveCfg = Debug|Win32
		{6ABF22D7-F804-44CA-8314-91DF4D1EB30F}.Debug|x86.Build.0 = Debug|Win32
		{6ABF22D7-F804-44CA-8314-91DF4D1EB30F}.Release|Any CPU.ActiveCfg = Release|Win32
		{6ABF22D7-F804-44CA-8314-91DF4D1EB30F}.Release|x64.ActiveCfg = Release|x64
		{6ABF22D7-F804-44CA-8314-91DF4D1EB30F}.Release|x64.Build.0 = Release|x64
		{6ABF22D7-F804-44CA-8314-91DF4D1EB30F}.Release|x86.ActiveCfg = Release|Win32
		{6ABF22D7-F804-44CA-8314-91DF4D1EB30F}.Release|x86.Build.0 = Release|Win32
		{0B1B78D1-47D3-4A9F-8D02-D112A7BBC5B0}.Debug|Any CPU.ActiveCfg = Debug|Win32
		{0B1B78D1-47D3-4A9F-8D02-D112A7BBC5B0}.Debug|x64.ActiveCfg = Debug|x64
		{0B1B78D1-47D3-4A9F-8D02-D112A7BBC5B0}.Debug|x64.Build.0 = Debug|x64
		{0B1B78D1-47D3-4A9F-8D02-D112A7BBC5B0}.Debug|x86.ActiveCfg = Debug|Win32
		{0B1B78D1-47D3-4A9F-8D02-D112A7BBC5B0}.Debug|x86.Build.0 = Debug|Win32
		{0B1B78D1-47D3-4A9F-8D02-D112A7BBC5B0}.Release|Any CPU.ActiveCfg = Release|Win32
		{0B1B78D1-47D3-4A9F-8D02-D112A7BBC5B0}.Release|x64.ActiveCfg = Release|x64
		{0B1B78D1-47D3-4A9F-8D02-D112A7BBC5B0}.Release|x64.Build.0 = Release|x64
		{0B1B78D1-47D3-4A9F-8D02-D112A7BBC5B0}.Release|x86.ActiveCfg = Release|Win32
		{0B1B78D1-47D3-4A9F-8D02-D112A7BBC5B0}.Release|x86.Build.0 = Release|Win32
		{BF7566E3-D6B2-415E-B3CE-6844CA5E1B5E}.Debug|Any CPU.ActiveCfg = Debug|Win32
		{BF7566E3-D6B2-415E-B3CE-6844CA5E1B5E}.Debug|x64.ActiveCfg = Debug|x64
		{BF7566E3-D6B2-415E-B3CE-6844CA5E1B5E}.Debug|x64.Build.0 = Debug|x64
		{BF7566E3-D6B2-415E-B3CE-6844CA5E1B5E}.Debug|x86.ActiveCfg = Debug|Win32
		{BF7566E3-D6B2-415E-B3CE-6844CA5E1B5E}.Debug|x86.Build.0 = Debug|Win32
		{BF7566E3-D6B2-415E-B3CE-6844CA5E1B5E}.Release|Any CPU.ActiveCfg = Release|Win32
		{BF7566E3-D6B2-415E-B3CE-6844CA5E1B5E}.Release|x64.ActiveCfg = Release|x64
		{BF7566E3-D6B2-415E-B3CE-6844CA5E1B5E}.Release|x64.Build.0 = Release|x64
		{BF7566E3-D6B2-415E-B3CE-6844CA5E1B5E}.Release|x86.ActiveCfg = Release|Win32
		{BF7566E3-D6B2-415E-B3CE-6844CA5E1B5E}.Release|x86.Build.0 = Release|Win32
		{580D7125-B4B6-4D70-A36F-B0A40EE06F65}.Debug|Any CPU.ActiveCfg = Debug|Win32
		{580D7125-B4B6-4D70-A36F-B0A40EE06F65}.Debug|x64.ActiveCfg = Debug|x64
		{580D7125-B4B6-4D70-A36F-B0A40EE06F65}.Debug|x64.Build.0 = Debug|x64
		{580D7125-B4B6-4D70-A36F-B0A40EE06F65}.Debug|x86.ActiveCfg = Debug|Win32
		{580D7125-B4B6-4D70-A36F-B0A40EE06F65}.Debug|x86.Build.0 = Debug|Win32
		{580D7125-B4B6-4D70-A36F-B0A40EE06F65}.Release|Any CPU.ActiveCfg = Release|Win32
		{580D7125-B4B6-4D70-A36F-B0A40EE06F65}.Release|x64.ActiveCfg = Release|x64
		{580D7125-B4B6-4D70-A36F-B0A40EE06F65}.Release|x64.Build.0 = Release|x64
		{580D7125-B4B6-4D70-A36F-B0A40EE06F65}.Release|x86.ActiveCfg = Release|Win32
		{580D7125-B4B6-4D70-A36F-B0A40EE06F65}.Release|x86.Build.0 = Release|Win32
		{95269A6F-6396-4270-9086-45209911DF79}.Debug|Any CPU.ActiveCfg = Debug|Win32
		{95269A6F-6396-4270-9086-45209911DF79}.Debug|x64.ActiveCfg = Debug|x64
		{95269A6F-6396-4270-9086-45209911DF79}.Debug|x64.Build.0 = Debug|x64
		{95269A6F-6396-4270-9086-45209911DF79}.Debug|x86.ActiveCfg = Debug|Win32
		{95269A6F-6396-4270-9086-45209911DF79}.Debug|x86.Build.0 = Debug|Win32
		{95269A6F-6396-4270-9086-45209911DF79}.Release|Any CPU.ActiveCfg = Release|Win32
		{95269A6F-6396-4270-9086-45209911DF79}.Release|x64.ActiveCfg = Release|x64
		{95269A6F-6396-4270-9086-45209911DF79}.Release|x64.Build.0 = Release|x64
		{95269A6F-6396-4270-9086-45209911DF79}.Release|x86.ActiveCfg = Release|Win32
		{95269A6F-6396-4270-9086-45209911DF79}.Release|x86.Build.0 = Release|Win32
		{B90A39B9-9F6C-4F16-BC9D-738914BF7D05}.Debug|Any CPU.ActiveCfg = Debug|Any CPU
		{B90A39B9-9F6C-4F16-BC9D-738914BF7D05}.Debug|Any CPU.Build.0 = Debug|Any CPU
		{B90A39B9-9F6C-4F16-BC9D-738914BF7D05}.Debug|x64.ActiveCfg = Debug|Any CPU
		{B90A39B9-9F6C-4F16-BC9D-738914BF7D05}.Debug|x64.Build.0 = Debug|Any CPU
		{B90A39B9-9F6C-4F16-BC9D-738914BF7D05}.Debug|x86.ActiveCfg = Debug|Any CPU
		{B90A39B9-9F6C-4F16-BC9D-738914BF7D05}.Debug|x86.Build.0 = Debug|Any CPU
		{B90A39B9-9F6C-4F16-BC9D-738914BF7D05}.Release|Any CPU.ActiveCfg = Release|Any CPU
		{B90A39B9-9F6C-4F16-BC9D-738914BF7D05}.Release|Any CPU.Build.0 = Release|Any CPU
		{B90A39B9-9F6C-4F16-BC9D-738914BF7D05}.Release|x64.ActiveCfg = Release|Any CPU
		{B90A39B9-9F6C-4F16-BC9D-738914BF7D05}.Release|x64.Build.0 = Release|Any CPU
		{B90A39B9-9F6C-4F16-BC9D-738914BF7D05}.Release|x86.ActiveCfg = Release|Any CPU
		{B90A39B9-9F6C-4F16-BC9D-738914BF7D05}.Release|x86.Build.0 = Release|Any CPU
		{7A742F5F-638B-4D21-8C9C-4700C31F2DD0}.Debug|Any CPU.ActiveCfg = Debug|Win32
		{7A742F5F-638B-4D21-8C9C-4700C31F2DD0}.Debug|x64.ActiveCfg = Debug|x64
		{7A742F5F-638B-4D21-8C9C-4700C31F2DD0}.Debug|x64.Build.0 = Debug|x64
		{7A742F5F-638B-4D21-8C9C-4700C31F2DD0}.Debug|x86.ActiveCfg = Debug|Win32
		{7A742F5F-638B-4D21-8C9C-4700C31F2DD0}.Debug|x86.Build.0 = Debug|Win32
		{7A742F5F-638B-4D21-8C9C-4700C31F2DD0}.Release|Any CPU.ActiveCfg = Release|Win32
		{7A742F5F-638B-4D21-8C9C-4700C31F2DD0}.Release|x64.ActiveCfg = Release|x64
		{7A742F5F-638B-4D21-8C9C-4700C31F2DD0}.Release|x64.Build.0 = Release|x64
		{7A742F5F-638B-4D21-8C9C-4700C31F2DD0}.Release|x86.ActiveCfg = Release|Win32
		{7A742F5F-638B-4D21-8C9C-4700C31F2DD0}.Release|x86.Build.0 = Release|Win32
		{D0AE7121-8479-47FE-B462-766599159253}.Debug|Any CPU.ActiveCfg = Debug|Win32
		{D0AE7121-8479-47FE-B462-766599159253}.Debug|x64.ActiveCfg = Debug|x64
		{D0AE7121-8479-47FE-B462-766599159253}.Debug|x64.Build.0 = Debug|x64
		{D0AE7121-8479-47FE-B462-766599159253}.Debug|x86.ActiveCfg = Debug|Win32
		{D0AE7121-8479-47FE-B462-766599159253}.Debug|x86.Build.0 = Debug|Win32
		{D0AE7121-8479-47FE-B462-766599159253}.Release|Any CPU.ActiveCfg = Release|Win32
		{D0AE7121-8479-47FE-B462-766599159253}.Release|x64.ActiveCfg = Release|x64
		{D0AE7121-8479-47FE-B462-766599159253}.Release|x64.Build.0 = Release|x64
		{D0AE7121-8479-47FE-B462-766599159253}.Release|x86.ActiveCfg = Release|Win32
		{D0AE7121-8479-47FE-B462-766599159253}.Release|x86.Build.0 = Release|Win32
		{83D7C457-2EFB-4CC2-9760-0D28446EF7FE}.Debug|Any CPU.ActiveCfg = Debug|Win32
		{83D7C457-2EFB-4CC2-9760-0D28446EF7FE}.Debug|x64.ActiveCfg = Debug|x64
		{83D7C457-2EFB-4CC2-9760-0D28446EF7FE}.Debug|x64.Build.0 = Debug|x64
		{83D7C457-2EFB-4CC2-9760-0D28446EF7FE}.Debug|x86.ActiveCfg = Debug|Win32
		{83D7C457-2EFB-4CC2-9760-0D28446EF7FE}.Debug|x86.Build.0 = Debug|Win32
		{83D7C457-2EFB-4CC2-9760-0D28446EF7FE}.Release|Any CPU.ActiveCfg = Release|Win32
		{83D7C457-2EFB-4CC2-9760-0D28446EF7FE}.Release|x64.ActiveCfg = Release|x64
		{83D7C457-2EFB-4CC2-9760-0D28446EF7FE}.Release|x64.Build.0 = Release|x64
		{83D7C457-2EFB-4CC2-9760-0D28446EF7FE}.Release|x86.ActiveCfg = Release|Win32
		{83D7C457-2EFB-4CC2-9760-0D28446EF7FE}.Release|x86.Build.0 = Release|Win32
		{0430FEE8-EEA0-447B-8788-AED57364BC89}.Debug|Any CPU.ActiveCfg = Debug|Win32
		{0430FEE8-EEA0-447B-8788-AED57364BC89}.Debug|x64.ActiveCfg = Debug|x64
		{0430FEE8-EEA0-447B-8788-AED57364BC89}.Debug|x64.Build.0 = Debug|x64
		{0430FEE8-EEA0-447B-8788-AED57364BC89}.Debug|x86.ActiveCfg = Debug|Win32
		{0430FEE8-EEA0-447B-8788-AED57364BC89}.Debug|x86.Build.0 = Debug|Win32
		{0430FEE8-EEA0-447B-8788-AED57364BC89}.Release|Any CPU.ActiveCfg = Release|Win32
		{0430FEE8-EEA0-447B-8788-AED57364BC89}.Release|x64.ActiveCfg = Release|x64
		{0430FEE8-EEA0-447B-8788-AED57364BC89}.Release|x64.Build.0 = Release|x64
		{0430FEE8-EEA0-447B-8788-AED57364BC89}.Release|x86.ActiveCfg = Release|Win32
		{0430FEE8-EEA0-447B-8788-AED57364BC89}.Release|x86.Build.0 = Release|Win32
	EndGlobalSection
	GlobalSection(SolutionProperties) = preSolution
		HideSolutionNode = FALSE
	EndGlobalSection
	GlobalSection(NestedProjects) = preSolution
		{593423EE-D006-43DD-B839-5E3058C97EC0} = {52D301D5-426D-4046-9DEF-4B4E3B570956}
		{58F5E5D6-9705-4B32-9A9E-636B112783F4} = {52D301D5-426D-4046-9DEF-4B4E3B570956}
		{0F758A57-6793-44E7-90A4-1A6B208599A6} = {52D301D5-426D-4046-9DEF-4B4E3B570956}
		{9B250E0A-9FA3-48A9-8B8D-EA600FDBFED6} = {52D301D5-426D-4046-9DEF-4B4E3B570956}
		{B5E84E46-AA0D-4F8A-9688-3AAFAE1CF3EA} = {52D301D5-426D-4046-9DEF-4B4E3B570956}
		{89F4827A-FD5A-43FA-A253-9871344792B8} = {52D301D5-426D-4046-9DEF-4B4E3B570956}
		{111C159B-E4EF-46A9-8D1B-D0F48EC4F3D5} = {52D301D5-426D-4046-9DEF-4B4E3B570956}
		{E967BFF1-2C08-460C-A7DF-F03557C05816} = {52D301D5-426D-4046-9DEF-4B4E3B570956}
		{8598ADCB-91EA-411F-B490-1EF53D754F10} = {52D301D5-426D-4046-9DEF-4B4E3B570956}
		{6ABF22D7-F804-44CA-8314-91DF4D1EB30F} = {52D301D5-426D-4046-9DEF-4B4E3B570956}
		{0B1B78D1-47D3-4A9F-8D02-D112A7BBC5B0} = {52D301D5-426D-4046-9DEF-4B4E3B570956}
		{BF7566E3-D6B2-415E-B3CE-6844CA5E1B5E} = {52D301D5-426D-4046-9DEF-4B4E3B570956}
		{DED601CA-7AD1-49C9-8508-951C24DE2C0C} = {9F03B49F-3A4F-43C9-886E-503342D91B6B}
		{6E5C8818-289E-4BE5-A5E1-6BF0ABAD8B92} = {52D301D5-426D-4046-9DEF-4B4E3B570956}
		{D0AE7121-8479-47FE-B462-766599159253} = {52D301D5-426D-4046-9DEF-4B4E3B570956}
		{E02C470F-8C99-4CB6-A3C9-5CE78B17FF4B} = {9F03B49F-3A4F-43C9-886E-503342D91B6B}
		{3C1BE444-2C18-4D1E-8A8A-D63B14AF1396} = {9F03B49F-3A4F-43C9-886E-503342D91B6B}
		{83D7C457-2EFB-4CC2-9760-0D28446EF7FE} = {52D301D5-426D-4046-9DEF-4B4E3B570956}
		{0430FEE8-EEA0-447B-8788-AED57364BC89} = {52D301D5-426D-4046-9DEF-4B4E3B570956}
	EndGlobalSection
	GlobalSection(ExtensibilityGlobals) = postSolution
		SolutionGuid = {8197DF1D-B698-4DB2-9C05-34BD36C09655}
	EndGlobalSection
EndGlobal
