<?xml version="1.0" encoding="utf-8"?>
<Project ToolsVersion="4.0" xmlns="http://schemas.microsoft.com/developer/msbuild/2003">
  <ItemGroup>
    <Filter Include="Source Files">
      <UniqueIdentifier>{4FC737F1-C7A5-4376-A066-2A32D752A2FF}</UniqueIdentifier>
      <Extensions>cpp;c;cc;cxx;def;odl;idl;hpj;bat;asm;asmx</Extensions>
    </Filter>
    <Filter Include="Header Files">
      <UniqueIdentifier>{93995380-89BD-4b04-88EB-625FBE52EBFB}</UniqueIdentifier>
      <Extensions>h;hh;hpp;hxx;hm;inl;inc;xsd</Extensions>
    </Filter>
    <Filter Include="Resource Files">
      <UniqueIdentifier>{67DA6AB6-F800-4c08-8B7A-83BB121AAD01}</UniqueIdentifier>
      <Extensions>rc;ico;cur;bmp;dlg;rc2;rct;bin;rgs;gif;jpg;jpeg;jpe;resx;tiff;tif;png;wav;mfcribbon-ms</Extensions>
    </Filter>
  </ItemGroup>
  <ItemGroup>
    <ClInclude Include="stdafx.h">
      <Filter>Header Files</Filter>
    </ClInclude>
    <ClInclude Include="targetver.h">
      <Filter>Header Files</Filter>
    </ClInclude>
    <ClInclude Include="DataService.h">
      <Filter>Header Files</Filter>
    </ClInclude>
    <ClInclude Include="DataManager.h">
      <Filter>Header Files</Filter>
    </ClInclude>
    <ClInclude Include="DataConnector.h">
      <Filter>Header Files</Filter>
    </ClInclude>
    <ClInclude Include="DataCollector.h">
      <Filter>Header Files</Filter>
    </ClInclude>
    <ClInclude Include="DataAnalytics.h">
      <Filter>Header Files</Filter>
    </ClInclude>
    <ClInclude Include="DataManagerDB.h">
      <Filter>Header Files</Filter>
    </ClInclude>
    <ClInclude Include="DataCollectorWorker.h">
      <Filter>Header Files</Filter>
    </ClInclude>
    <ClInclude Include="DataAnalyticsWorker.h">
      <Filter>Header Files</Filter>
    </ClInclude>
    <ClInclude Include="DS_Shared.h">
      <Filter>Header Files</Filter>
    </ClInclude>
    <ClInclude Include="DataSecurityStructs.h">
      <Filter>Header Files</Filter>
    </ClInclude>
    <ClInclude Include="DataManagerDBMgr.h">
      <Filter>Header Files</Filter>
    </ClInclude>
    <ClInclude Include="DataServiceUtilityMgr.h">
      <Filter>Header Files</Filter>
    </ClInclude>
    <ClInclude Include="AT_Helper.h">
      <Filter>Header Files</Filter>
    </ClInclude>
    <ClInclude Include="AT_Streamer.h">
      <Filter>Header Files</Filter>
    </ClInclude>
    <ClInclude Include="AT_Commands.h">
      <Filter>Header Files</Filter>
    </ClInclude>
    <ClInclude Include="DataFileConnector.h">
      <Filter>Header Files</Filter>
    </ClInclude>
  </ItemGroup>
  <ItemGroup>
    <ClCompile Include="stdafx.cpp">
      <Filter>Source Files</Filter>
    </ClCompile>
    <ClCompile Include="DataService.cpp">
      <Filter>Source Files</Filter>
    </ClCompile>
    <ClCompile Include="DataManager.cpp">
      <Filter>Source Files</Filter>
    </ClCompile>
    <ClCompile Include="DataConnector.cpp">
      <Filter>Source Files</Filter>
    </ClCompile>
    <ClCompile Include="DataCollector.cpp">
      <Filter>Source Files</Filter>
    </ClCompile>
    <ClCompile Include="DataAnalytics.cpp">
      <Filter>Source Files</Filter>
    </ClCompile>
    <ClCompile Include="DataManagerDB.cpp">
      <Filter>Source Files</Filter>
    </ClCompile>
    <ClCompile Include="DataCollectorWorker.cpp">
      <Filter>Source Files</Filter>
    </ClCompile>
    <ClCompile Include="DataAnalyticsWorker.cpp">
      <Filter>Source Files</Filter>
    </ClCompile>
    <ClCompile Include="DS_Shared.cpp">
      <Filter>Source Files</Filter>
    </ClCompile>
    <ClCompile Include="DataManagerDBMgr.cpp">
      <Filter>Source Files</Filter>
    </ClCompile>
    <ClCompile Include="DataServiceUtilityMgr.cpp">
      <Filter>Source Files</Filter>
    </ClCompile>
    <ClCompile Include="AT_Helper.cpp">
      <Filter>Source Files</Filter>
    </ClCompile>
    <ClCompile Include="AT_Streamer.cpp">
      <Filter>Source Files</Filter>
    </ClCompile>
    <ClCompile Include="AT_Commands.cpp">
      <Filter>Source Files</Filter>
    </ClCompile>
    <ClCompile Include="DataFileConnector.cpp">
      <Filter>Source Files</Filter>
    </ClCompile>
  </ItemGroup>
  <ItemGroup>
    <None Include="ClassDiagram.cd" />
  </ItemGroup>
</Project>